
Microsoft Visual Studio Solution File, Format Version 12.00
# Visual Studio Version 17
VisualStudioVersion = 17.10.34928.147
MinimumVisualStudioVersion = 10.0.40219.1
Project("{FAE04EC0-301F-11D3-BF4B-00C04F79EFBC}") = "Bulkyweb", "Bulkyweb.csproj", "{794F0FF0-0142-4468-8C66-F6FB52C9C0FE}"
EndProject
Global
	GlobalSection(SolutionConfigurationPlatforms) = preSolution
		Debug|Any CPU = Debug|Any CPU
		Release|Any CPU = Release|Any CPU
	EndGlobalSection
	GlobalSection(ProjectConfigurationPlatforms) = postSolution
		{794F0FF0-0142-4468-8C66-F6FB52C9C0FE}.Debug|Any CPU.ActiveCfg = Debug|Any CPU
		{794F0FF0-0142-4468-8C66-F6FB52C9C0FE}.Debug|Any CPU.Build.0 = Debug|Any CPU
		{794F0FF0-0142-4468-8C66-F6FB52C9C0FE}.Release|Any CPU.ActiveCfg = Release|Any CPU
		{794F0FF0-0142-4468-8C66-F6FB52C9C0FE}.Release|Any CPU.Build.0 = Release|Any CPU
	EndGlobalSection
	GlobalSection(SolutionProperties) = preSolution
		HideSolutionNode = FALSE
	EndGlobalSection
	GlobalSection(ExtensibilityGlobals) = postSolution
		SolutionGuid = {2EDFBF37-0198-477B-BB16-B9F937A09E77}
	EndGlobalSection
EndGlobal
